// !$*UTF8*$!
{
	archiveVersion = 1;
	classes = {
	};
	objectVersion = 56;
	objects = {

/* Begin PBXBuildFile section */
		1E1B9BE529DC4E8700D9528C /* AppDelegate.swift in Sources */ = {isa = PBXBuildFile; fileRef = 1E1B9BE429DC4E8700D9528C /* AppDelegate.swift */; };
		1E1B9BE729DC4E8700D9528C /* SceneDelegate.swift in Sources */ = {isa = PBXBuildFile; fileRef = 1E1B9BE629DC4E8700D9528C /* SceneDelegate.swift */; };
		1E1B9BE929DC4E8700D9528C /* ViewController.swift in Sources */ = {isa = PBXBuildFile; fileRef = 1E1B9BE829DC4E8700D9528C /* ViewController.swift */; };
		1E1B9BEE29DC4E8900D9528C /* Assets.xcassets in Resources */ = {isa = PBXBuildFile; fileRef = 1E1B9BED29DC4E8900D9528C /* Assets.xcassets */; };
		1E1B9BF129DC4E8900D9528C /* LaunchScreen.storyboard in Resources */ = {isa = PBXBuildFile; fileRef = 1E1B9BEF29DC4E8900D9528C /* LaunchScreen.storyboard */; };
		1E1B9C2329DC54DF00D9528C /* Cancellable.swift in Sources */ = {isa = PBXBuildFile; fileRef = 1E1B9C2229DC54DF00D9528C /* Cancellable.swift */; };
/* End PBXBuildFile section */

/* Begin PBXFileReference section */
		1E1B9BE129DC4E8700D9528C /* MVVM-C.app */ = {isa = PBXFileReference; explicitFileType = wrapper.application; includeInIndex = 0; path = "MVVM-C.app"; sourceTree = BUILT_PRODUCTS_DIR; };
		1E1B9BE429DC4E8700D9528C /* AppDelegate.swift */ = {isa = PBXFileReference; lastKnownFileType = sourcecode.swift; path = AppDelegate.swift; sourceTree = "<group>"; };
		1E1B9BE629DC4E8700D9528C /* SceneDelegate.swift */ = {isa = PBXFileReference; lastKnownFileType = sourcecode.swift; path = SceneDelegate.swift; sourceTree = "<group>"; };
		1E1B9BE829DC4E8700D9528C /* ViewController.swift */ = {isa = PBXFileReference; lastKnownFileType = sourcecode.swift; path = ViewController.swift; sourceTree = "<group>"; };
		1E1B9BED29DC4E8900D9528C /* Assets.xcassets */ = {isa = PBXFileReference; lastKnownFileType = folder.assetcatalog; path = Assets.xcassets; sourceTree = "<group>"; };
		1E1B9BF029DC4E8900D9528C /* Base */ = {isa = PBXFileReference; lastKnownFileType = file.storyboard; name = Base; path = Base.lproj/LaunchScreen.storyboard; sourceTree = "<group>"; };
		1E1B9BF229DC4E8900D9528C /* Info.plist */ = {isa = PBXFileReference; lastKnownFileType = text.plist.xml; path = Info.plist; sourceTree = "<group>"; };
		1E1B9C2229DC54DF00D9528C /* Cancellable.swift */ = {isa = PBXFileReference; lastKnownFileType = sourcecode.swift; path = Cancellable.swift; sourceTree = "<group>"; };
/* End PBXFileReference section */

/* Begin PBXFrameworksBuildPhase section */
		1E1B9BDE29DC4E8700D9528C /* Frameworks */ = {
			isa = PBXFrameworksBuildPhase;
			buildActionMask = 2147483647;
			files = (
			);
			runOnlyForDeploymentPostprocessing = 0;
		};
/* End PBXFrameworksBuildPhase section */

/* Begin PBXGroup section */
		1E1B9BD829DC4E8700D9528C = {
			isa = PBXGroup;
			children = (
				1E1B9BE329DC4E8700D9528C /* MVVM-C */,
				1E1B9BE229DC4E8700D9528C /* Products */,
			);
			sourceTree = "<group>";
		};
		1E1B9BE229DC4E8700D9528C /* Products */ = {
			isa = PBXGroup;
			children = (
				1E1B9BE129DC4E8700D9528C /* MVVM-C.app */,
			);
			name = Products;
			sourceTree = "<group>";
		};
		1E1B9BE329DC4E8700D9528C /* MVVM-C */ = {
			isa = PBXGroup;
			children = (
				1E1B9C1529DC52B000D9528C /* Application */,
				1E1B9C1629DC52C900D9528C /* Presentation */,
				1E1B9C1729DC535E00D9528C /* Domain */,
				1E1B9C1B29DC53BD00D9528C /* Data */,
				1E1B9C1F29DC53EB00D9528C /* Infrastructure */,
				1E1B9C2129DC54C500D9528C /* Common */,
				1E1B9C1429DC524600D9528C /* Resources */,
			);
			path = "MVVM-C";
			sourceTree = "<group>";
		};
		1E1B9C1429DC524600D9528C /* Resources */ = {
			isa = PBXGroup;
			children = (
				1E1B9BED29DC4E8900D9528C /* Assets.xcassets */,
				1E1B9BEF29DC4E8900D9528C /* LaunchScreen.storyboard */,
				1E1B9BF229DC4E8900D9528C /* Info.plist */,
			);
			path = Resources;
			sourceTree = "<group>";
		};
		1E1B9C1529DC52B000D9528C /* Application */ = {
			isa = PBXGroup;
			children = (
				1E1B9BE429DC4E8700D9528C /* AppDelegate.swift */,
				1E1B9BE629DC4E8700D9528C /* SceneDelegate.swift */,
			);
			path = Application;
			sourceTree = "<group>";
		};
		1E1B9C1629DC52C900D9528C /* Presentation */ = {
			isa = PBXGroup;
			children = (
				1E1B9BE829DC4E8700D9528C /* ViewController.swift */,
			);
			path = Presentation;
			sourceTree = "<group>";
		};
		1E1B9C1729DC535E00D9528C /* Domain */ = {
			isa = PBXGroup;
			children = (
				1E1B9C1A29DC537F00D9528C /* Entities */,
				1E1B9C1929DC537900D9528C /* UseCases */,
				1E1B9C1829DC536F00D9528C /* Interfaces */,
			);
			path = Domain;
			sourceTree = "<group>";
		};
		1E1B9C1829DC536F00D9528C /* Interfaces */ = {
			isa = PBXGroup;
			children = (
			);
			path = Interfaces;
			sourceTree = "<group>";
		};
		1E1B9C1929DC537900D9528C /* UseCases */ = {
			isa = PBXGroup;
			children = (
			);
			path = UseCases;
			sourceTree = "<group>";
		};
		1E1B9C1A29DC537F00D9528C /* Entities */ = {
			isa = PBXGroup;
			children = (
			);
			path = Entities;
			sourceTree = "<group>";
		};
		1E1B9C1B29DC53BD00D9528C /* Data */ = {
			isa = PBXGroup;
			children = (
				1E1B9C1E29DC53DB00D9528C /* Network */,
				1E1B9C1D29DC53D300D9528C /* Repositories */,
				1E1B9C1C29DC53C800D9528C /* PersistentStorages */,
			);
			path = Data;
			sourceTree = "<group>";
		};
		1E1B9C1C29DC53C800D9528C /* PersistentStorages */ = {
			isa = PBXGroup;
			children = (
			);
			path = PersistentStorages;
			sourceTree = "<group>";
		};
		1E1B9C1D29DC53D300D9528C /* Repositories */ = {
			isa = PBXGroup;
			children = (
			);
			path = Repositories;
			sourceTree = "<group>";
		};
		1E1B9C1E29DC53DB00D9528C /* Network */ = {
			isa = PBXGroup;
			children = (
			);
			path = Network;
			sourceTree = "<group>";
		};
		1E1B9C1F29DC53EB00D9528C /* Infrastructure */ = {
			isa = PBXGroup;
			children = (
				1E1B9C2029DC53FB00D9528C /* Network */,
			);
			path = Infrastructure;
			sourceTree = "<group>";
		};
		1E1B9C2029DC53FB00D9528C /* Network */ = {
			isa = PBXGroup;
			children = (
			);
			path = Network;
			sourceTree = "<group>";
		};
		1E1B9C2129DC54C500D9528C /* Common */ = {
			isa = PBXGroup;
			children = (
				1E1B9C2229DC54DF00D9528C /* Cancellable.swift */,
			);
			path = Common;
			sourceTree = "<group>";
		};
/* End PBXGroup section */

/* Begin PBXNativeTarget section */
		1E1B9BE029DC4E8700D9528C /* MVVM-C */ = {
			isa = PBXNativeTarget;
			buildConfigurationList = 1E1B9C0B29DC4E8900D9528C /* Build configuration list for PBXNativeTarget "MVVM-C" */;
			buildPhases = (
				1E1B9BDD29DC4E8700D9528C /* Sources */,
				1E1B9BDE29DC4E8700D9528C /* Frameworks */,
				1E1B9BDF29DC4E8700D9528C /* Resources */,
			);
			buildRules = (
			);
			dependencies = (
			);
			name = "MVVM-C";
			productName = "MVVM-C";
			productReference = 1E1B9BE129DC4E8700D9528C /* MVVM-C.app */;
			productType = "com.apple.product-type.application";
		};
/* End PBXNativeTarget section */

/* Begin PBXProject section */
		1E1B9BD929DC4E8700D9528C /* Project object */ = {
			isa = PBXProject;
			attributes = {
				BuildIndependentTargetsInParallel = 1;
				LastSwiftUpdateCheck = 1420;
				LastUpgradeCheck = 1420;
				TargetAttributes = {
					1E1B9BE029DC4E8700D9528C = {
						CreatedOnToolsVersion = 14.2;
					};
				};
			};
			buildConfigurationList = 1E1B9BDC29DC4E8700D9528C /* Build configuration list for PBXProject "MVVM-C" */;
			compatibilityVersion = "Xcode 14.0";
			developmentRegion = en;
			hasScannedForEncodings = 0;
			knownRegions = (
				en,
				Base,
			);
			mainGroup = 1E1B9BD829DC4E8700D9528C;
			productRefGroup = 1E1B9BE229DC4E8700D9528C /* Products */;
			projectDirPath = "";
			projectRoot = "";
			targets = (
				1E1B9BE029DC4E8700D9528C /* MVVM-C */,
			);
		};
/* End PBXProject section */

/* Begin PBXResourcesBuildPhase section */
		1E1B9BDF29DC4E8700D9528C /* Resources */ = {
			isa = PBXResourcesBuildPhase;
			buildActionMask = 2147483647;
			files = (
				1E1B9BF129DC4E8900D9528C /* LaunchScreen.storyboard in Resources */,
				1E1B9BEE29DC4E8900D9528C /* Assets.xcassets in Resources */,
			);
			runOnlyForDeploymentPostprocessing = 0;
		};
/* End PBXResourcesBuildPhase section */

/* Begin PBXSourcesBuildPhase section */
		1E1B9BDD29DC4E8700D9528C /* Sources */ = {
			isa = PBXSourcesBuildPhase;
			buildActionMask = 2147483647;
			files = (
				1E1B9BE929DC4E8700D9528C /* ViewController.swift in Sources */,
				1E1B9BE529DC4E8700D9528C /* AppDelegate.swift in Sources */,
				1E1B9C2329DC54DF00D9528C /* Cancellable.swift in Sources */,
				1E1B9BE729DC4E8700D9528C /* SceneDelegate.swift in Sources */,
			);
			runOnlyForDeploymentPostprocessing = 0;
		};
/* End PBXSourcesBuildPhase section */

/* Begin PBXVariantGroup section */
		1E1B9BEF29DC4E8900D9528C /* LaunchScreen.storyboard */ = {
			isa = PBXVariantGroup;
			children = (
				1E1B9BF029DC4E8900D9528C /* Base */,
			);
			name = LaunchScreen.storyboard;
			sourceTree = "<group>";
		};
/* End PBXVariantGroup section */

/* Begin XCBuildConfiguration section */
		1E1B9C0929DC4E8900D9528C /* Debug */ = {
			isa = XCBuildConfiguration;
			buildSettings = {
				ALWAYS_SEARCH_USER_PATHS = NO;
				CLANG_ANALYZER_NONNULL = YES;
				CLANG_ANALYZER_NUMBER_OBJECT_CONVERSION = YES_AGGRESSIVE;
				CLANG_CXX_LANGUAGE_STANDARD = "gnu++20";
				CLANG_ENABLE_MODULES = YES;
				CLANG_ENABLE_OBJC_ARC = YES;
				CLANG_ENABLE_OBJC_WEAK = YES;
				CLANG_WARN_BLOCK_CAPTURE_AUTORELEASING = YES;
				CLANG_WARN_BOOL_CONVERSION = YES;
				CLANG_WARN_COMMA = YES;
				CLANG_WARN_CONSTANT_CONVERSION = YES;
				CLANG_WARN_DEPRECATED_OBJC_IMPLEMENTATIONS = YES;
				CLANG_WARN_DIRECT_OBJC_ISA_USAGE = YES_ERROR;
				CLANG_WARN_DOCUMENTATION_COMMENTS = YES;
				CLANG_WARN_EMPTY_BODY = YES;
				CLANG_WARN_ENUM_CONVERSION = YES;
				CLANG_WARN_INFINITE_RECURSION = YES;
				CLANG_WARN_INT_CONVERSION = YES;
				CLANG_WARN_NON_LITERAL_NULL_CONVERSION = YES;
				CLANG_WARN_OBJC_IMPLICIT_RETAIN_SELF = YES;
				CLANG_WARN_OBJC_LITERAL_CONVERSION = YES;
				CLANG_WARN_OBJC_ROOT_CLASS = YES_ERROR;
				CLANG_WARN_QUOTED_INCLUDE_IN_FRAMEWORK_HEADER = YES;
				CLANG_WARN_RANGE_LOOP_ANALYSIS = YES;
				CLANG_WARN_STRICT_PROTOTYPES = YES;
				CLANG_WARN_SUSPICIOUS_MOVE = YES;
				CLANG_WARN_UNGUARDED_AVAILABILITY = YES_AGGRESSIVE;
				CLANG_WARN_UNREACHABLE_CODE = YES;
				CLANG_WARN__DUPLICATE_METHOD_MATCH = YES;
				COPY_PHASE_STRIP = NO;
				DEBUG_INFORMATION_FORMAT = dwarf;
				ENABLE_STRICT_OBJC_MSGSEND = YES;
				ENABLE_TESTABILITY = YES;
				GCC_C_LANGUAGE_STANDARD = gnu11;
				GCC_DYNAMIC_NO_PIC = NO;
				GCC_NO_COMMON_BLOCKS = YES;
				GCC_OPTIMIZATION_LEVEL = 0;
				GCC_PREPROCESSOR_DEFINITIONS = (
					"DEBUG=1",
					"$(inherited)",
				);
				GCC_WARN_64_TO_32_BIT_CONVERSION = YES;
				GCC_WARN_ABOUT_RETURN_TYPE = YES_ERROR;
				GCC_WARN_UNDECLARED_SELECTOR = YES;
				GCC_WARN_UNINITIALIZED_AUTOS = YES_AGGRESSIVE;
				GCC_WARN_UNUSED_FUNCTION = YES;
				GCC_WARN_UNUSED_VARIABLE = YES;
				IPHONEOS_DEPLOYMENT_TARGET = 16.2;
				MTL_ENABLE_DEBUG_INFO = INCLUDE_SOURCE;
				MTL_FAST_MATH = YES;
				ONLY_ACTIVE_ARCH = YES;
				SDKROOT = iphoneos;
				SWIFT_ACTIVE_COMPILATION_CONDITIONS = DEBUG;
				SWIFT_OPTIMIZATION_LEVEL = "-Onone";
			};
			name = Debug;
		};
		1E1B9C0A29DC4E8900D9528C /* Release */ = {
			isa = XCBuildConfiguration;
			buildSettings = {
				ALWAYS_SEARCH_USER_PATHS = NO;
				CLANG_ANALYZER_NONNULL = YES;
				CLANG_ANALYZER_NUMBER_OBJECT_CONVERSION = YES_AGGRESSIVE;
				CLANG_CXX_LANGUAGE_STANDARD = "gnu++20";
				CLANG_ENABLE_MODULES = YES;
				CLANG_ENABLE_OBJC_ARC = YES;
				CLANG_ENABLE_OBJC_WEAK = YES;
				CLANG_WARN_BLOCK_CAPTURE_AUTORELEASING = YES;
				CLANG_WARN_BOOL_CONVERSION = YES;
				CLANG_WARN_COMMA = YES;
				CLANG_WARN_CONSTANT_CONVERSION = YES;
				CLANG_WARN_DEPRECATED_OBJC_IMPLEMENTATIONS = YES;
				CLANG_WARN_DIRECT_OBJC_ISA_USAGE = YES_ERROR;
				CLANG_WARN_DOCUMENTATION_COMMENTS = YES;
				CLANG_WARN_EMPTY_BODY = YES;
				CLANG_WARN_ENUM_CONVERSION = YES;
				CLANG_WARN_INFINITE_RECURSION = YES;
				CLANG_WARN_INT_CONVERSION = YES;
				CLANG_WARN_NON_LITERAL_NULL_CONVERSION = YES;
				CLANG_WARN_OBJC_IMPLICIT_RETAIN_SELF = YES;
				CLANG_WARN_OBJC_LITERAL_CONVERSION = YES;
				CLANG_WARN_OBJC_ROOT_CLASS = YES_ERROR;
				CLANG_WARN_QUOTED_INCLUDE_IN_FRAMEWORK_HEADER = YES;
				CLANG_WARN_RANGE_LOOP_ANALYSIS = YES;
				CLANG_WARN_STRICT_PROTOTYPES = YES;
				CLANG_WARN_SUSPICIOUS_MOVE = YES;
				CLANG_WARN_UNGUARDED_AVAILABILITY = YES_AGGRESSIVE;
				CLANG_WARN_UNREACHABLE_CODE = YES;
				CLANG_WARN__DUPLICATE_METHOD_MATCH = YES;
				COPY_PHASE_STRIP = NO;
				DEBUG_INFORMATION_FORMAT = "dwarf-with-dsym";
				ENABLE_NS_ASSERTIONS = NO;
				ENABLE_STRICT_OBJC_MSGSEND = YES;
				GCC_C_LANGUAGE_STANDARD = gnu11;
				GCC_NO_COMMON_BLOCKS = YES;
				GCC_WARN_64_TO_32_BIT_CONVERSION = YES;
				GCC_WARN_ABOUT_RETURN_TYPE = YES_ERROR;
				GCC_WARN_UNDECLARED_SELECTOR = YES;
				GCC_WARN_UNINITIALIZED_AUTOS = YES_AGGRESSIVE;
				GCC_WARN_UNUSED_FUNCTION = YES;
				GCC_WARN_UNUSED_VARIABLE = YES;
				IPHONEOS_DEPLOYMENT_TARGET = 16.2;
				MTL_ENABLE_DEBUG_INFO = NO;
				MTL_FAST_MATH = YES;
				SDKROOT = iphoneos;
				SWIFT_COMPILATION_MODE = wholemodule;
				SWIFT_OPTIMIZATION_LEVEL = "-O";
				VALIDATE_PRODUCT = YES;
			};
			name = Release;
		};
		1E1B9C0C29DC4E8900D9528C /* Debug */ = {
			isa = XCBuildConfiguration;
			buildSettings = {
				ASSETCATALOG_COMPILER_APPICON_NAME = AppIcon;
				ASSETCATALOG_COMPILER_GLOBAL_ACCENT_COLOR_NAME = AccentColor;
				CODE_SIGN_STYLE = Automatic;
				CURRENT_PROJECT_VERSION = 1;
				DEVELOPMENT_TEAM = 4FTFKXF8N5;
				GENERATE_INFOPLIST_FILE = YES;
				INFOPLIST_FILE = "MVVM-C/Resources/Info.plist";
				INFOPLIST_KEY_UIApplicationSupportsIndirectInputEvents = YES;
				INFOPLIST_KEY_UILaunchStoryboardName = LaunchScreen;
				INFOPLIST_KEY_UIMainStoryboardFile = "";
				INFOPLIST_KEY_UISupportedInterfaceOrientations_iPad = "UIInterfaceOrientationPortrait UIInterfaceOrientationPortraitUpsideDown UIInterfaceOrientationLandscapeLeft UIInterfaceOrientationLandscapeRight";
				INFOPLIST_KEY_UISupportedInterfaceOrientations_iPhone = "UIInterfaceOrientationPortrait UIInterfaceOrientationLandscapeLeft UIInterfaceOrientationLandscapeRight";
				LD_RUNPATH_SEARCH_PATHS = (
					"$(inherited)",
					"@executable_path/Frameworks",
				);
				MARKETING_VERSION = 1.0;
				PRODUCT_BUNDLE_IDENTIFIER = "com.jeongminkim.MVVM-C";
				PRODUCT_NAME = "$(TARGET_NAME)";
				SWIFT_EMIT_LOC_STRINGS = YES;
				SWIFT_VERSION = 5.0;
				TARGETED_DEVICE_FAMILY = "1,2";
			};
			name = Debug;
		};
		1E1B9C0D29DC4E8900D9528C /* Release */ = {
			isa = XCBuildConfiguration;
			buildSettings = {
				ASSETCATALOG_COMPILER_APPICON_NAME = AppIcon;
				ASSETCATALOG_COMPILER_GLOBAL_ACCENT_COLOR_NAME = AccentColor;
				CODE_SIGN_STYLE = Automatic;
				CURRENT_PROJECT_VERSION = 1;
				DEVELOPMENT_TEAM = 4FTFKXF8N5;
				GENERATE_INFOPLIST_FILE = YES;
				INFOPLIST_FILE = "MVVM-C/Resources/Info.plist";
				INFOPLIST_KEY_UIApplicationSupportsIndirectInputEvents = YES;
				INFOPLIST_KEY_UILaunchStoryboardName = LaunchScreen;
				INFOPLIST_KEY_UIMainStoryboardFile = "";
				INFOPLIST_KEY_UISupportedInterfaceOrientations_iPad = "UIInterfaceOrientationPortrait UIInterfaceOrientationPortraitUpsideDown UIInterfaceOrientationLandscapeLeft UIInterfaceOrientationLandscapeRight";
				INFOPLIST_KEY_UISupportedInterfaceOrientations_iPhone = "UIInterfaceOrientationPortrait UIInterfaceOrientationLandscapeLeft UIInterfaceOrientationLandscapeRight";
				LD_RUNPATH_SEARCH_PATHS = (
					"$(inherited)",
					"@executable_path/Frameworks",
				);
				MARKETING_VERSION = 1.0;
				PRODUCT_BUNDLE_IDENTIFIER = "com.jeongminkim.MVVM-C";
				PRODUCT_NAME = "$(TARGET_NAME)";
				SWIFT_EMIT_LOC_STRINGS = YES;
				SWIFT_VERSION = 5.0;
				TARGETED_DEVICE_FAMILY = "1,2";
			};
			name = Release;
		};
/* End XCBuildConfiguration section */

/* Begin XCConfigurationList section */
		1E1B9BDC29DC4E8700D9528C /* Build configuration list for PBXProject "MVVM-C" */ = {
			isa = XCConfigurationList;
			buildConfigurations = (
				1E1B9C0929DC4E8900D9528C /* Debug */,
				1E1B9C0A29DC4E8900D9528C /* Release */,
			);
			defaultConfigurationIsVisible = 0;
			defaultConfigurationName = Release;
		};
		1E1B9C0B29DC4E8900D9528C /* Build configuration list for PBXNativeTarget "MVVM-C" */ = {
			isa = XCConfigurationList;
			buildConfigurations = (
				1E1B9C0C29DC4E8900D9528C /* Debug */,
				1E1B9C0D29DC4E8900D9528C /* Release */,
			);
			defaultConfigurationIsVisible = 0;
			defaultConfigurationName = Release;
		};
/* End XCConfigurationList section */
	};
	rootObject = 1E1B9BD929DC4E8700D9528C /* Project object */;
}
